
Microsoft Visual Studio Solution File, Format Version 12.00
# Visual Studio Version 17
VisualStudioVersion = 17.8.34511.84
MinimumVisualStudioVersion = 10.0.40219.1
Project("{8BC9CEB8-8B4A-11D0-8D11-00A0C91BC942}") = "WindowFirst", "WindowFirst.vcxproj", "{2D804D44-7174-4C7E-A894-EDDF011B240B}"
EndProject
Global
	GlobalSection(SolutionConfigurationPlatforms) = preSolution
		Debug|x64 = Debug|x64
		Debug|x86 = Debug|x86
		Release|x64 = Release|x64
		Release|x86 = Release|x86
	EndGlobalSection
	GlobalSection(ProjectConfigurationPlatforms) = postSolution
		{2D804D44-7174-4C7E-A894-EDDF011B240B}.Debug|x64.ActiveCfg = Debug|x64
		{2D804D44-7174-4C7E-A894-EDDF011B240B}.Debug|x64.Build.0 = Debug|x64
		{2D804D44-7174-4C7E-A894-EDDF011B240B}.Debug|x86.ActiveCfg = Debug|Win32
		{2D804D44-7174-4C7E-A894-EDDF011B240B}.Debug|x86.Build.0 = Debug|Win32
		{2D804D44-7174-4C7E-A894-EDDF011B240B}.Release|x64.ActiveCfg = Release|x64
		{2D804D44-7174-4C7E-A894-EDDF011B240B}.Release|x64.Build.0 = Release|x64
		{2D804D44-7174-4C7E-A894-EDDF011B240B}.Release|x86.ActiveCfg = Release|Win32
		{2D804D44-7174-4C7E-A894-EDDF011B240B}.Release|x86.Build.0 = Release|Win32
	EndGlobalSection
	GlobalSection(SolutionProperties) = preSolution
		HideSolutionNode = FALSE
	EndGlobalSection
	GlobalSection(ExtensibilityGlobals) = postSolution
		SolutionGuid = {1DF19EBC-DAE7-4368-AF6B-129977B21A7A}
	EndGlobalSection
EndGlobal
